PODS:
  - Alamofire (4.8.2)
  - Realm (3.16.0):
    - Realm/Headers (= 3.16.0)
  - Realm/Headers (3.16.0)
  - RealmSwift (3.16.0):
    - Realm (= 3.16.0)
  - RxCocoa (5.0.0):
    - RxRelay (~> 5)
    - RxSwift (~> 5)
  - RxRelay (5.0.0):
    - RxSwift (~> 5)
  - RxSwift (5.0.0)
  - SVProgressHUD (2.2.5)
  - SwiftLint (0.32.0)

DEPENDENCIES:
  - Alamofire
  - RealmSwift
  - RxCocoa
  - RxSwift
  - SVProgressHUD (~> 2.2)
  - SwiftLint

SPEC REPOS:
  https://github.com/CocoaPods/Specs.git:
    - Alamofire
    - Realm
    - RealmSwift
    - RxCocoa
    - RxRelay
    - RxSwift
    - SVProgressHUD
    - SwiftLint

SPEC CHECKSUMS:
  Alamofire: ae5c501addb7afdbb13687d7f2f722c78734c2d3
  Realm: 5ca1b8c472dfc532cd0ba0bfe2ce49f97130158f
  RealmSwift: 2ee401dbcc188706261921326146f5a539d4d4a7
  RxCocoa: fcf32050ac00d801f34a7f71d5e8e7f23026dcd8
  RxRelay: 4f7409406a51a55cd88483f21ed898c234d60f18
  RxSwift: 8b0671caa829a763bbce7271095859121cbd895f
  SVProgressHUD: 1428aafac632c1f86f62aa4243ec12008d7a51d6
  SwiftLint: 009a898ef2a1c851f45e1b59349bf6ff2ddc990d

PODFILE CHECKSUM: cf98fc9d04c25ed5dedc3aba66b60902ed61ec77

COCOAPODS: 1.5.0
